
Microsoft Visual Studio Solution File, Format Version 12.00
# Visual Studio 14
VisualStudioVersion = 14.0.25123.0
MinimumVisualStudioVersion = 10.0.40219.1
Project("{FAE04EC0-301F-11D3-BF4B-00C04F79EFBC}") = "Enums.NET.Net35", "Enums.NET\Enums.NET.Net35.csproj", "{585B5322-7E00-4DFA-8A0D-643E198E633C}"
	ProjectSection(ProjectDependencies) = postProject
		{0BE636C9-A909-431F-AED0-C6B7F25DE336} = {0BE636C9-A909-431F-AED0-C6B7F25DE336}
	EndProjectSection
EndProject
Project("{FAE04EC0-301F-11D3-BF4B-00C04F79EFBC}") = "Enums.NET.Tests.Net35", "Enums.NET.Tests\Enums.NET.Tests.Net35.csproj", "{782A6460-6385-4A13-9B06-96E4B5C89916}"
EndProject
Project("{FAE04EC0-301F-11D3-BF4B-00C04F79EFBC}") = "Enums.NET.PerfTestConsole.Net35", "Enums.NET.PerfTestConsole\Enums.NET.PerfTestConsole.Net35.csproj", "{B909EF0F-2DE0-4CD9-8DA6-6F5C43F9A8E5}"
EndProject
Project("{FAE04EC0-301F-11D3-BF4B-00C04F79EFBC}") = "Weavers", "Weavers\Weavers.csproj", "{0BE636C9-A909-431F-AED0-C6B7F25DE336}"
EndProject
Global
	GlobalSection(SolutionConfigurationPlatforms) = preSolution
		Debug|Any CPU = Debug|Any CPU
		Release|Any CPU = Release|Any CPU
	EndGlobalSection
	GlobalSection(ProjectConfigurationPlatforms) = postSolution
		{585B5322-7E00-4DFA-8A0D-643E198E633C}.Debug|Any CPU.ActiveCfg = Debug|Any CPU
		{585B5322-7E00-4DFA-8A0D-643E198E633C}.Debug|Any CPU.Build.0 = Debug|Any CPU
		{585B5322-7E00-4DFA-8A0D-643E198E633C}.Release|Any CPU.ActiveCfg = Release|Any CPU
		{585B5322-7E00-4DFA-8A0D-643E198E633C}.Release|Any CPU.Build.0 = Release|Any CPU
		{782A6460-6385-4A13-9B06-96E4B5C89916}.Debug|Any CPU.ActiveCfg = Debug|Any CPU
		{782A6460-6385-4A13-9B06-96E4B5C89916}.Debug|Any CPU.Build.0 = Debug|Any CPU
		{782A6460-6385-4A13-9B06-96E4B5C89916}.Release|Any CPU.ActiveCfg = Release|Any CPU
		{782A6460-6385-4A13-9B06-96E4B5C89916}.Release|Any CPU.Build.0 = Release|Any CPU
		{B909EF0F-2DE0-4CD9-8DA6-6F5C43F9A8E5}.Debug|Any CPU.ActiveCfg = Debug|Any CPU
		{B909EF0F-2DE0-4CD9-8DA6-6F5C43F9A8E5}.Debug|Any CPU.Build.0 = Debug|Any CPU
		{B909EF0F-2DE0-4CD9-8DA6-6F5C43F9A8E5}.Release|Any CPU.ActiveCfg = Release|Any CPU
		{B909EF0F-2DE0-4CD9-8DA6-6F5C43F9A8E5}.Release|Any CPU.Build.0 = Release|Any CPU
		{0BE636C9-A909-431F-AED0-C6B7F25DE336}.Debug|Any CPU.ActiveCfg = Debug|Any CPU
		{0BE636C9-A909-431F-AED0-C6B7F25DE336}.Debug|Any CPU.Build.0 = Debug|Any CPU
		{0BE636C9-A909-431F-AED0-C6B7F25DE336}.Release|Any CPU.ActiveCfg = Release|Any CPU
		{0BE636C9-A909-431F-AED0-C6B7F25DE336}.Release|Any CPU.Build.0 = Release|Any CPU
	EndGlobalSection
	GlobalSection(SolutionProperties) = preSolution
		HideSolutionNode = FALSE
	EndGlobalSection
EndGlobal
