
Microsoft Visual Studio Solution File, Format Version 12.00
# Visual Studio 15
VisualStudioVersion = 15.0.26430.12
MinimumVisualStudioVersion = 10.0.40219.1
Project("{FAE04EC0-301F-11D3-BF4B-00C04F79EFBC}") = "Enums.NET", "Enums.NET\Enums.NET.csproj", "{86547778-1DCF-43A6-B951-0D0A5207DF21}"
	ProjectSection(ProjectDependencies) = postProject
		{0F0B39FA-B1FE-4F38-92F4-F06618D1948A} = {0F0B39FA-B1FE-4F38-92F4-F06618D1948A}
	EndProjectSection
EndProject
Project("{FAE04EC0-301F-11D3-BF4B-00C04F79EFBC}") = "Enums.NET.Tests", "Enums.NET.Tests\Enums.NET.Tests.csproj", "{81E3E1E8-7581-46B0-B8DC-D47ACEA240FE}"
EndProject
Project("{2150E333-8FDC-42A3-9474-1A3956D46DE8}") = "Solution Items", "Solution Items", "{B0F202B3-6AF5-4E4F-8C42-2D70925D0E72}"
	ProjectSection(SolutionItems) = preProject
		..\README.md = ..\README.md
		System.Enum-api-diff-tabled.md = System.Enum-api-diff-tabled.md
		System.Enum-api-diff.md = System.Enum-api-diff.md
	EndProjectSection
EndProject
Project("{FAE04EC0-301F-11D3-BF4B-00C04F79EFBC}") = "Enums.NET.TestEnums", "Enums.NET.TestEnums\Enums.NET.TestEnums.csproj", "{D52F6046-879A-49C2-8E1D-810E8119FF80}"
	ProjectSection(ProjectDependencies) = postProject
		{0F0B39FA-B1FE-4F38-92F4-F06618D1948A} = {0F0B39FA-B1FE-4F38-92F4-F06618D1948A}
	EndProjectSection
EndProject
Project("{FAE04EC0-301F-11D3-BF4B-00C04F79EFBC}") = "Enums.NET.PerfTestConsole", "Enums.NET.PerfTestConsole\Enums.NET.PerfTestConsole.csproj", "{7B289510-5B33-42E3-8E3C-684DEF350953}"
EndProject
Project("{FAE04EC0-301F-11D3-BF4B-00C04F79EFBC}") = "Weavers", "Weavers\Weavers.csproj", "{0F0B39FA-B1FE-4F38-92F4-F06618D1948A}"
EndProject
Global
	GlobalSection(SolutionConfigurationPlatforms) = preSolution
		Debug|Any CPU = Debug|Any CPU
		Release|Any CPU = Release|Any CPU
	EndGlobalSection
	GlobalSection(ProjectConfigurationPlatforms) = postSolution
		{86547778-1DCF-43A6-B951-0D0A5207DF21}.Debug|Any CPU.ActiveCfg = Debug|Any CPU
		{86547778-1DCF-43A6-B951-0D0A5207DF21}.Debug|Any CPU.Build.0 = Debug|Any CPU
		{86547778-1DCF-43A6-B951-0D0A5207DF21}.Release|Any CPU.ActiveCfg = Release|Any CPU
		{86547778-1DCF-43A6-B951-0D0A5207DF21}.Release|Any CPU.Build.0 = Release|Any CPU
		{81E3E1E8-7581-46B0-B8DC-D47ACEA240FE}.Debug|Any CPU.ActiveCfg = Debug|Any CPU
		{81E3E1E8-7581-46B0-B8DC-D47ACEA240FE}.Debug|Any CPU.Build.0 = Debug|Any CPU
		{81E3E1E8-7581-46B0-B8DC-D47ACEA240FE}.Release|Any CPU.ActiveCfg = Release|Any CPU
		{81E3E1E8-7581-46B0-B8DC-D47ACEA240FE}.Release|Any CPU.Build.0 = Release|Any CPU
		{D52F6046-879A-49C2-8E1D-810E8119FF80}.Debug|Any CPU.ActiveCfg = Debug|Any CPU
		{D52F6046-879A-49C2-8E1D-810E8119FF80}.Debug|Any CPU.Build.0 = Debug|Any CPU
		{D52F6046-879A-49C2-8E1D-810E8119FF80}.Release|Any CPU.ActiveCfg = Release|Any CPU
		{D52F6046-879A-49C2-8E1D-810E8119FF80}.Release|Any CPU.Build.0 = Release|Any CPU
		{7B289510-5B33-42E3-8E3C-684DEF350953}.Debug|Any CPU.ActiveCfg = Debug|Any CPU
		{7B289510-5B33-42E3-8E3C-684DEF350953}.Debug|Any CPU.Build.0 = Debug|Any CPU
		{7B289510-5B33-42E3-8E3C-684DEF350953}.Release|Any CPU.ActiveCfg = Release|Any CPU
		{7B289510-5B33-42E3-8E3C-684DEF350953}.Release|Any CPU.Build.0 = Release|Any CPU
		{0F0B39FA-B1FE-4F38-92F4-F06618D1948A}.Debug|Any CPU.ActiveCfg = Debug|Any CPU
		{0F0B39FA-B1FE-4F38-92F4-F06618D1948A}.Debug|Any CPU.Build.0 = Debug|Any CPU
		{0F0B39FA-B1FE-4F38-92F4-F06618D1948A}.Release|Any CPU.ActiveCfg = Release|Any CPU
		{0F0B39FA-B1FE-4F38-92F4-F06618D1948A}.Release|Any CPU.Build.0 = Release|Any CPU
	EndGlobalSection
	GlobalSection(SolutionProperties) = preSolution
		HideSolutionNode = FALSE
	EndGlobalSection
EndGlobal
