
Microsoft Visual Studio Solution File, Format Version 12.00
# Visual Studio 14
VisualStudioVersion = 14.0.25123.0
MinimumVisualStudioVersion = 10.0.40219.1
Project("{FAE04EC0-301F-11D3-BF4B-00C04F79EFBC}") = "Enums.NET.Net40", "Enums.NET\Enums.NET.Net40.csproj", "{9072231E-05CC-4C88-B462-138D9E67DFDA}"
	ProjectSection(ProjectDependencies) = postProject
		{0BE636C9-A909-431F-AED0-C6B7F25DE336} = {0BE636C9-A909-431F-AED0-C6B7F25DE336}
	EndProjectSection
EndProject
Project("{FAE04EC0-301F-11D3-BF4B-00C04F79EFBC}") = "Enums.NET.Tests.Net40", "Enums.NET.Tests\Enums.NET.Tests.Net40.csproj", "{51A74453-7B00-44C4-8051-55B676E0F541}"
EndProject
Project("{FAE04EC0-301F-11D3-BF4B-00C04F79EFBC}") = "Enums.NET.PerfTestConsole.Net40", "Enums.NET.PerfTestConsole\Enums.NET.PerfTestConsole.Net40.csproj", "{D17A197D-2884-4FFF-8476-D665AFBEC69C}"
EndProject
Project("{FAE04EC0-301F-11D3-BF4B-00C04F79EFBC}") = "Weavers", "Weavers\Weavers.csproj", "{0BE636C9-A909-431F-AED0-C6B7F25DE336}"
EndProject
Global
	GlobalSection(SolutionConfigurationPlatforms) = preSolution
		Debug|Any CPU = Debug|Any CPU
		Release|Any CPU = Release|Any CPU
	EndGlobalSection
	GlobalSection(ProjectConfigurationPlatforms) = postSolution
		{9072231E-05CC-4C88-B462-138D9E67DFDA}.Debug|Any CPU.ActiveCfg = Debug|Any CPU
		{9072231E-05CC-4C88-B462-138D9E67DFDA}.Debug|Any CPU.Build.0 = Debug|Any CPU
		{9072231E-05CC-4C88-B462-138D9E67DFDA}.Release|Any CPU.ActiveCfg = Release|Any CPU
		{9072231E-05CC-4C88-B462-138D9E67DFDA}.Release|Any CPU.Build.0 = Release|Any CPU
		{51A74453-7B00-44C4-8051-55B676E0F541}.Debug|Any CPU.ActiveCfg = Debug|Any CPU
		{51A74453-7B00-44C4-8051-55B676E0F541}.Debug|Any CPU.Build.0 = Debug|Any CPU
		{51A74453-7B00-44C4-8051-55B676E0F541}.Release|Any CPU.ActiveCfg = Release|Any CPU
		{51A74453-7B00-44C4-8051-55B676E0F541}.Release|Any CPU.Build.0 = Release|Any CPU
		{D17A197D-2884-4FFF-8476-D665AFBEC69C}.Debug|Any CPU.ActiveCfg = Debug|Any CPU
		{D17A197D-2884-4FFF-8476-D665AFBEC69C}.Debug|Any CPU.Build.0 = Debug|Any CPU
		{D17A197D-2884-4FFF-8476-D665AFBEC69C}.Release|Any CPU.ActiveCfg = Release|Any CPU
		{D17A197D-2884-4FFF-8476-D665AFBEC69C}.Release|Any CPU.Build.0 = Release|Any CPU
		{0BE636C9-A909-431F-AED0-C6B7F25DE336}.Debug|Any CPU.ActiveCfg = Debug|Any CPU
		{0BE636C9-A909-431F-AED0-C6B7F25DE336}.Debug|Any CPU.Build.0 = Debug|Any CPU
		{0BE636C9-A909-431F-AED0-C6B7F25DE336}.Release|Any CPU.ActiveCfg = Release|Any CPU
		{0BE636C9-A909-431F-AED0-C6B7F25DE336}.Release|Any CPU.Build.0 = Release|Any CPU
	EndGlobalSection
	GlobalSection(SolutionProperties) = preSolution
		HideSolutionNode = FALSE
	EndGlobalSection
EndGlobal
