
Microsoft Visual Studio Solution File, Format Version 12.00
# Visual Studio 14
VisualStudioVersion = 14.0.23107.0
MinimumVisualStudioVersion = 10.0.40219.1
Project("{FAE04EC0-301F-11D3-BF4B-00C04F79EFBC}") = "Enums.NET", "Enums.NET\Enums.NET.csproj", "{F2059370-3A4E-4885-8234-9AEDADE06108}"
EndProject
Project("{FAE04EC0-301F-11D3-BF4B-00C04F79EFBC}") = "Enums.NET.Test", "Enums.NET.Test\Enums.NET.Test.csproj", "{4C0ACB3B-9FFC-4605-B9EA-1884A0679C3F}"
EndProject
Global
	GlobalSection(SolutionConfigurationPlatforms) = preSolution
		Debug|Any CPU = Debug|Any CPU
		Release|Any CPU = Release|Any CPU
	EndGlobalSection
	GlobalSection(ProjectConfigurationPlatforms) = postSolution
		{F2059370-3A4E-4885-8234-9AEDADE06108}.Debug|Any CPU.ActiveCfg = Debug|Any CPU
		{F2059370-3A4E-4885-8234-9AEDADE06108}.Debug|Any CPU.Build.0 = Debug|Any CPU
		{F2059370-3A4E-4885-8234-9AEDADE06108}.Release|Any CPU.ActiveCfg = Release|Any CPU
		{F2059370-3A4E-4885-8234-9AEDADE06108}.Release|Any CPU.Build.0 = Release|Any CPU
		{4C0ACB3B-9FFC-4605-B9EA-1884A0679C3F}.Debug|Any CPU.ActiveCfg = Debug|Any CPU
		{4C0ACB3B-9FFC-4605-B9EA-1884A0679C3F}.Debug|Any CPU.Build.0 = Debug|Any CPU
		{4C0ACB3B-9FFC-4605-B9EA-1884A0679C3F}.Release|Any CPU.ActiveCfg = Release|Any CPU
		{4C0ACB3B-9FFC-4605-B9EA-1884A0679C3F}.Release|Any CPU.Build.0 = Release|Any CPU
	EndGlobalSection
	GlobalSection(SolutionProperties) = preSolution
		HideSolutionNode = FALSE
	EndGlobalSection
EndGlobal
