
Microsoft Visual Studio Solution File, Format Version 12.00
# Visual Studio Version 16
VisualStudioVersion = 16.0.28803.202
MinimumVisualStudioVersion = 10.0.40219.1
Project("{9A19103F-16F7-4668-BE54-9A1E7A4F7556}") = "Enums.NET", "Enums.NET\Enums.NET.csproj", "{86547778-1DCF-43A6-B951-0D0A5207DF21}"
EndProject
Project("{9A19103F-16F7-4668-BE54-9A1E7A4F7556}") = "Enums.NET.Test", "Enums.NET.Test\Enums.NET.Test.csproj", "{81E3E1E8-7581-46B0-B8DC-D47ACEA240FE}"
EndProject
Project("{2150E333-8FDC-42A3-9474-1A3956D46DE8}") = "Solution Items", "Solution Items", "{B0F202B3-6AF5-4E4F-8C42-2D70925D0E72}"
	ProjectSection(SolutionItems) = preProject
		..\README.md = ..\README.md
	EndProjectSection
EndProject
Project("{9A19103F-16F7-4668-BE54-9A1E7A4F7556}") = "Enums.NET.TestEnums", "Enums.NET.TestEnums\Enums.NET.TestEnums.csproj", "{D52F6046-879A-49C2-8E1D-810E8119FF80}"
EndProject
Project("{9A19103F-16F7-4668-BE54-9A1E7A4F7556}") = "Enums.NET.PerfTestConsole", "Enums.NET.PerfTestConsole\Enums.NET.PerfTestConsole.csproj", "{7B289510-5B33-42E3-8E3C-684DEF350953}"
EndProject
Project("{9A19103F-16F7-4668-BE54-9A1E7A4F7556}") = "Enums.NET.MemoryUsageTest", "Enums.NET.MemoryUsageTest\Enums.NET.MemoryUsageTest.csproj", "{E110CC83-E9C3-4EFB-94DE-6B6A6E687FBF}"
EndProject
Project("{9A19103F-16F7-4668-BE54-9A1E7A4F7556}") = "Enums.NET.Analyzer", "Enums.NET.Analyzer\Enums.NET.Analyzer.csproj", "{27F816EB-9E74-4DFE-9F7D-A70D4D0D8061}"
EndProject
Project("{9A19103F-16F7-4668-BE54-9A1E7A4F7556}") = "Enums.NET.Analyzer.Test", "Enums.NET.Analyzer.Test\Enums.NET.Analyzer.Test.csproj", "{50616A72-DBDC-4B26-9A90-70D56628F265}"
EndProject
Project("{FAE04EC0-301F-11D3-BF4B-00C04F79EFBC}") = "Enums.NET.Analyzer.Vsix", "Enums.NET.Analyzer.Vsix\Enums.NET.Analyzer.Vsix.csproj", "{9E39CC80-A96A-4754-87CE-304E0A154C14}"
EndProject
Global
	GlobalSection(SolutionConfigurationPlatforms) = preSolution
		Debug|Any CPU = Debug|Any CPU
		Debug|x64 = Debug|x64
		Debug|x86 = Debug|x86
		Release|Any CPU = Release|Any CPU
		Release|x64 = Release|x64
		Release|x86 = Release|x86
	EndGlobalSection
	GlobalSection(ProjectConfigurationPlatforms) = postSolution
		{86547778-1DCF-43A6-B951-0D0A5207DF21}.Debug|Any CPU.ActiveCfg = Debug|Any CPU
		{86547778-1DCF-43A6-B951-0D0A5207DF21}.Debug|Any CPU.Build.0 = Debug|Any CPU
		{86547778-1DCF-43A6-B951-0D0A5207DF21}.Debug|x64.ActiveCfg = Debug|Any CPU
		{86547778-1DCF-43A6-B951-0D0A5207DF21}.Debug|x64.Build.0 = Debug|Any CPU
		{86547778-1DCF-43A6-B951-0D0A5207DF21}.Debug|x86.ActiveCfg = Debug|Any CPU
		{86547778-1DCF-43A6-B951-0D0A5207DF21}.Debug|x86.Build.0 = Debug|Any CPU
		{86547778-1DCF-43A6-B951-0D0A5207DF21}.Release|Any CPU.ActiveCfg = Release|Any CPU
		{86547778-1DCF-43A6-B951-0D0A5207DF21}.Release|Any CPU.Build.0 = Release|Any CPU
		{86547778-1DCF-43A6-B951-0D0A5207DF21}.Release|x64.ActiveCfg = Release|Any CPU
		{86547778-1DCF-43A6-B951-0D0A5207DF21}.Release|x64.Build.0 = Release|Any CPU
		{86547778-1DCF-43A6-B951-0D0A5207DF21}.Release|x86.ActiveCfg = Release|Any CPU
		{86547778-1DCF-43A6-B951-0D0A5207DF21}.Release|x86.Build.0 = Release|Any CPU
		{81E3E1E8-7581-46B0-B8DC-D47ACEA240FE}.Debug|Any CPU.ActiveCfg = Debug|Any CPU
		{81E3E1E8-7581-46B0-B8DC-D47ACEA240FE}.Debug|Any CPU.Build.0 = Debug|Any CPU
		{81E3E1E8-7581-46B0-B8DC-D47ACEA240FE}.Debug|x64.ActiveCfg = Debug|Any CPU
		{81E3E1E8-7581-46B0-B8DC-D47ACEA240FE}.Debug|x64.Build.0 = Debug|Any CPU
		{81E3E1E8-7581-46B0-B8DC-D47ACEA240FE}.Debug|x86.ActiveCfg = Debug|Any CPU
		{81E3E1E8-7581-46B0-B8DC-D47ACEA240FE}.Debug|x86.Build.0 = Debug|Any CPU
		{81E3E1E8-7581-46B0-B8DC-D47ACEA240FE}.Release|Any CPU.ActiveCfg = Release|Any CPU
		{81E3E1E8-7581-46B0-B8DC-D47ACEA240FE}.Release|Any CPU.Build.0 = Release|Any CPU
		{81E3E1E8-7581-46B0-B8DC-D47ACEA240FE}.Release|x64.ActiveCfg = Release|Any CPU
		{81E3E1E8-7581-46B0-B8DC-D47ACEA240FE}.Release|x64.Build.0 = Release|Any CPU
		{81E3E1E8-7581-46B0-B8DC-D47ACEA240FE}.Release|x86.ActiveCfg = Release|Any CPU
		{81E3E1E8-7581-46B0-B8DC-D47ACEA240FE}.Release|x86.Build.0 = Release|Any CPU
		{D52F6046-879A-49C2-8E1D-810E8119FF80}.Debug|Any CPU.ActiveCfg = Debug|Any CPU
		{D52F6046-879A-49C2-8E1D-810E8119FF80}.Debug|Any CPU.Build.0 = Debug|Any CPU
		{D52F6046-879A-49C2-8E1D-810E8119FF80}.Debug|x64.ActiveCfg = Debug|Any CPU
		{D52F6046-879A-49C2-8E1D-810E8119FF80}.Debug|x64.Build.0 = Debug|Any CPU
		{D52F6046-879A-49C2-8E1D-810E8119FF80}.Debug|x86.ActiveCfg = Debug|Any CPU
		{D52F6046-879A-49C2-8E1D-810E8119FF80}.Debug|x86.Build.0 = Debug|Any CPU
		{D52F6046-879A-49C2-8E1D-810E8119FF80}.Release|Any CPU.ActiveCfg = Release|Any CPU
		{D52F6046-879A-49C2-8E1D-810E8119FF80}.Release|Any CPU.Build.0 = Release|Any CPU
		{D52F6046-879A-49C2-8E1D-810E8119FF80}.Release|x64.ActiveCfg = Release|Any CPU
		{D52F6046-879A-49C2-8E1D-810E8119FF80}.Release|x64.Build.0 = Release|Any CPU
		{D52F6046-879A-49C2-8E1D-810E8119FF80}.Release|x86.ActiveCfg = Release|Any CPU
		{D52F6046-879A-49C2-8E1D-810E8119FF80}.Release|x86.Build.0 = Release|Any CPU
		{7B289510-5B33-42E3-8E3C-684DEF350953}.Debug|Any CPU.ActiveCfg = Debug|Any CPU
		{7B289510-5B33-42E3-8E3C-684DEF350953}.Debug|Any CPU.Build.0 = Debug|Any CPU
		{7B289510-5B33-42E3-8E3C-684DEF350953}.Debug|x64.ActiveCfg = Debug|Any CPU
		{7B289510-5B33-42E3-8E3C-684DEF350953}.Debug|x64.Build.0 = Debug|Any CPU
		{7B289510-5B33-42E3-8E3C-684DEF350953}.Debug|x86.ActiveCfg = Debug|Any CPU
		{7B289510-5B33-42E3-8E3C-684DEF350953}.Debug|x86.Build.0 = Debug|Any CPU
		{7B289510-5B33-42E3-8E3C-684DEF350953}.Release|Any CPU.ActiveCfg = Release|Any CPU
		{7B289510-5B33-42E3-8E3C-684DEF350953}.Release|Any CPU.Build.0 = Release|Any CPU
		{7B289510-5B33-42E3-8E3C-684DEF350953}.Release|x64.ActiveCfg = Release|Any CPU
		{7B289510-5B33-42E3-8E3C-684DEF350953}.Release|x64.Build.0 = Release|Any CPU
		{7B289510-5B33-42E3-8E3C-684DEF350953}.Release|x86.ActiveCfg = Release|Any CPU
		{7B289510-5B33-42E3-8E3C-684DEF350953}.Release|x86.Build.0 = Release|Any CPU
		{E110CC83-E9C3-4EFB-94DE-6B6A6E687FBF}.Debug|Any CPU.ActiveCfg = Debug|Any CPU
		{E110CC83-E9C3-4EFB-94DE-6B6A6E687FBF}.Debug|Any CPU.Build.0 = Debug|Any CPU
		{E110CC83-E9C3-4EFB-94DE-6B6A6E687FBF}.Debug|x64.ActiveCfg = Debug|Any CPU
		{E110CC83-E9C3-4EFB-94DE-6B6A6E687FBF}.Debug|x64.Build.0 = Debug|Any CPU
		{E110CC83-E9C3-4EFB-94DE-6B6A6E687FBF}.Debug|x86.ActiveCfg = Debug|Any CPU
		{E110CC83-E9C3-4EFB-94DE-6B6A6E687FBF}.Debug|x86.Build.0 = Debug|Any CPU
		{E110CC83-E9C3-4EFB-94DE-6B6A6E687FBF}.Release|Any CPU.ActiveCfg = Release|Any CPU
		{E110CC83-E9C3-4EFB-94DE-6B6A6E687FBF}.Release|Any CPU.Build.0 = Release|Any CPU
		{E110CC83-E9C3-4EFB-94DE-6B6A6E687FBF}.Release|x64.ActiveCfg = Release|Any CPU
		{E110CC83-E9C3-4EFB-94DE-6B6A6E687FBF}.Release|x64.Build.0 = Release|Any CPU
		{E110CC83-E9C3-4EFB-94DE-6B6A6E687FBF}.Release|x86.ActiveCfg = Release|Any CPU
		{E110CC83-E9C3-4EFB-94DE-6B6A6E687FBF}.Release|x86.Build.0 = Release|Any CPU
		{27F816EB-9E74-4DFE-9F7D-A70D4D0D8061}.Debug|Any CPU.ActiveCfg = Debug|Any CPU
		{27F816EB-9E74-4DFE-9F7D-A70D4D0D8061}.Debug|Any CPU.Build.0 = Debug|Any CPU
		{27F816EB-9E74-4DFE-9F7D-A70D4D0D8061}.Debug|x64.ActiveCfg = Debug|Any CPU
		{27F816EB-9E74-4DFE-9F7D-A70D4D0D8061}.Debug|x64.Build.0 = Debug|Any CPU
		{27F816EB-9E74-4DFE-9F7D-A70D4D0D8061}.Debug|x86.ActiveCfg = Debug|Any CPU
		{27F816EB-9E74-4DFE-9F7D-A70D4D0D8061}.Debug|x86.Build.0 = Debug|Any CPU
		{27F816EB-9E74-4DFE-9F7D-A70D4D0D8061}.Release|Any CPU.ActiveCfg = Release|Any CPU
		{27F816EB-9E74-4DFE-9F7D-A70D4D0D8061}.Release|Any CPU.Build.0 = Release|Any CPU
		{27F816EB-9E74-4DFE-9F7D-A70D4D0D8061}.Release|x64.ActiveCfg = Release|Any CPU
		{27F816EB-9E74-4DFE-9F7D-A70D4D0D8061}.Release|x64.Build.0 = Release|Any CPU
		{27F816EB-9E74-4DFE-9F7D-A70D4D0D8061}.Release|x86.ActiveCfg = Release|Any CPU
		{27F816EB-9E74-4DFE-9F7D-A70D4D0D8061}.Release|x86.Build.0 = Release|Any CPU
		{50616A72-DBDC-4B26-9A90-70D56628F265}.Debug|Any CPU.ActiveCfg = Debug|Any CPU
		{50616A72-DBDC-4B26-9A90-70D56628F265}.Debug|Any CPU.Build.0 = Debug|Any CPU
		{50616A72-DBDC-4B26-9A90-70D56628F265}.Debug|x64.ActiveCfg = Debug|Any CPU
		{50616A72-DBDC-4B26-9A90-70D56628F265}.Debug|x64.Build.0 = Debug|Any CPU
		{50616A72-DBDC-4B26-9A90-70D56628F265}.Debug|x86.ActiveCfg = Debug|Any CPU
		{50616A72-DBDC-4B26-9A90-70D56628F265}.Debug|x86.Build.0 = Debug|Any CPU
		{50616A72-DBDC-4B26-9A90-70D56628F265}.Release|Any CPU.ActiveCfg = Release|Any CPU
		{50616A72-DBDC-4B26-9A90-70D56628F265}.Release|Any CPU.Build.0 = Release|Any CPU
		{50616A72-DBDC-4B26-9A90-70D56628F265}.Release|x64.ActiveCfg = Release|Any CPU
		{50616A72-DBDC-4B26-9A90-70D56628F265}.Release|x64.Build.0 = Release|Any CPU
		{50616A72-DBDC-4B26-9A90-70D56628F265}.Release|x86.ActiveCfg = Release|Any CPU
		{50616A72-DBDC-4B26-9A90-70D56628F265}.Release|x86.Build.0 = Release|Any CPU
		{9E39CC80-A96A-4754-87CE-304E0A154C14}.Debug|Any CPU.ActiveCfg = Debug|Any CPU
		{9E39CC80-A96A-4754-87CE-304E0A154C14}.Debug|Any CPU.Build.0 = Debug|Any CPU
		{9E39CC80-A96A-4754-87CE-304E0A154C14}.Debug|x64.ActiveCfg = Debug|Any CPU
		{9E39CC80-A96A-4754-87CE-304E0A154C14}.Debug|x64.Build.0 = Debug|Any CPU
		{9E39CC80-A96A-4754-87CE-304E0A154C14}.Debug|x86.ActiveCfg = Debug|Any CPU
		{9E39CC80-A96A-4754-87CE-304E0A154C14}.Debug|x86.Build.0 = Debug|Any CPU
		{9E39CC80-A96A-4754-87CE-304E0A154C14}.Release|Any CPU.ActiveCfg = Release|Any CPU
		{9E39CC80-A96A-4754-87CE-304E0A154C14}.Release|Any CPU.Build.0 = Release|Any CPU
		{9E39CC80-A96A-4754-87CE-304E0A154C14}.Release|x64.ActiveCfg = Release|Any CPU
		{9E39CC80-A96A-4754-87CE-304E0A154C14}.Release|x64.Build.0 = Release|Any CPU
		{9E39CC80-A96A-4754-87CE-304E0A154C14}.Release|x86.ActiveCfg = Release|Any CPU
		{9E39CC80-A96A-4754-87CE-304E0A154C14}.Release|x86.Build.0 = Release|Any CPU
	EndGlobalSection
	GlobalSection(SolutionProperties) = preSolution
		HideSolutionNode = FALSE
	EndGlobalSection
	GlobalSection(ExtensibilityGlobals) = postSolution
		SolutionGuid = {288E4170-A638-4BF2-B6B5-EEE570D85459}
	EndGlobalSection
	GlobalSection(Performance) = preSolution
		HasPerformanceSessions = true
	EndGlobalSection
EndGlobal
